
Microsoft Visual Studio Solution File, Format Version 12.00
# Visual Studio Version 17
VisualStudioVersion = 17.4.33122.133
MinimumVisualStudioVersion = 10.0.40219.1
Project("{FAE04EC0-301F-11D3-BF4B-00C04F79EFBC}") = "JugArray_C", "JugArray_C\JugArray_C.csproj", "{3D669C23-789F-4074-8297-91035F4864B4}"
EndProject
Global
	GlobalSection(SolutionConfigurationPlatforms) = preSolution
		Debug|Any CPU = Debug|Any CPU
		Release|Any CPU = Release|Any CPU
	EndGlobalSection
	GlobalSection(ProjectConfigurationPlatforms) = postSolution
		{3D669C23-789F-4074-8297-91035F4864B4}.Debug|Any CPU.ActiveCfg = Debug|Any CPU
		{3D669C23-789F-4074-8297-91035F4864B4}.Debug|Any CPU.Build.0 = Debug|Any CPU
		{3D669C23-789F-4074-8297-91035F4864B4}.Release|Any CPU.ActiveCfg = Release|Any CPU
		{3D669C23-789F-4074-8297-91035F4864B4}.Release|Any CPU.Build.0 = Release|Any CPU
	EndGlobalSection
	GlobalSection(SolutionProperties) = preSolution
		HideSolutionNode = FALSE
	EndGlobalSection
	GlobalSection(ExtensibilityGlobals) = postSolution
		SolutionGuid = {F33678DE-68F7-4399-B0A4-2DE39F7B5A3A}
	EndGlobalSection
EndGlobal
