
Microsoft Visual Studio Solution File, Format Version 12.00
# Visual Studio Version 17
VisualStudioVersion = 17.4.33122.133
MinimumVisualStudioVersion = 10.0.40219.1
Project("{FAE04EC0-301F-11D3-BF4B-00C04F79EFBC}") = "Example1", "Example1\Example1.csproj", "{B11AD834-7D0D-4E9A-A2C8-1E7E58A7A9E1}"
EndProject
Global
	GlobalSection(SolutionConfigurationPlatforms) = preSolution
		Debug|Any CPU = Debug|Any CPU
		Release|Any CPU = Release|Any CPU
	EndGlobalSection
	GlobalSection(ProjectConfigurationPlatforms) = postSolution
		{B11AD834-7D0D-4E9A-A2C8-1E7E58A7A9E1}.Debug|Any CPU.ActiveCfg = Debug|Any CPU
		{B11AD834-7D0D-4E9A-A2C8-1E7E58A7A9E1}.Debug|Any CPU.Build.0 = Debug|Any CPU
		{B11AD834-7D0D-4E9A-A2C8-1E7E58A7A9E1}.Release|Any CPU.ActiveCfg = Release|Any CPU
		{B11AD834-7D0D-4E9A-A2C8-1E7E58A7A9E1}.Release|Any CPU.Build.0 = Release|Any CPU
	EndGlobalSection
	GlobalSection(SolutionProperties) = preSolution
		HideSolutionNode = FALSE
	EndGlobalSection
	GlobalSection(ExtensibilityGlobals) = postSolution
		SolutionGuid = {E37BA568-A643-4107-9845-9C510E80DC4A}
	EndGlobalSection
EndGlobal
