
Microsoft Visual Studio Solution File, Format Version 12.00
# Visual Studio Version 17
VisualStudioVersion = 17.4.33122.133
MinimumVisualStudioVersion = 10.0.40219.1
Project("{FAE04EC0-301F-11D3-BF4B-00C04F79EFBC}") = "Day2_Example1", "Day2_Example1\Day2_Example1.csproj", "{635C89F5-1E80-428F-A805-2EF5148149EF}"
EndProject
Global
	GlobalSection(SolutionConfigurationPlatforms) = preSolution
		Debug|Any CPU = Debug|Any CPU
		Release|Any CPU = Release|Any CPU
	EndGlobalSection
	GlobalSection(ProjectConfigurationPlatforms) = postSolution
		{635C89F5-1E80-428F-A805-2EF5148149EF}.Debug|Any CPU.ActiveCfg = Debug|Any CPU
		{635C89F5-1E80-428F-A805-2EF5148149EF}.Debug|Any CPU.Build.0 = Debug|Any CPU
		{635C89F5-1E80-428F-A805-2EF5148149EF}.Release|Any CPU.ActiveCfg = Release|Any CPU
		{635C89F5-1E80-428F-A805-2EF5148149EF}.Release|Any CPU.Build.0 = Release|Any CPU
	EndGlobalSection
	GlobalSection(SolutionProperties) = preSolution
		HideSolutionNode = FALSE
	EndGlobalSection
	GlobalSection(ExtensibilityGlobals) = postSolution
		SolutionGuid = {880F5464-5B91-418D-84F1-0E35989954D5}
	EndGlobalSection
EndGlobal
