
Microsoft Visual Studio Solution File, Format Version 12.00
# Visual Studio Version 17
VisualStudioVersion = 17.4.33122.133
MinimumVisualStudioVersion = 10.0.40219.1
Project("{FAE04EC0-301F-11D3-BF4B-00C04F79EFBC}") = "DataConversion_C", "DataConversion_C\DataConversion_C.csproj", "{BCE33D95-1E27-4509-A4FC-967788982A21}"
EndProject
Global
	GlobalSection(SolutionConfigurationPlatforms) = preSolution
		Debug|Any CPU = Debug|Any CPU
		Release|Any CPU = Release|Any CPU
	EndGlobalSection
	GlobalSection(ProjectConfigurationPlatforms) = postSolution
		{BCE33D95-1E27-4509-A4FC-967788982A21}.Debug|Any CPU.ActiveCfg = Debug|Any CPU
		{BCE33D95-1E27-4509-A4FC-967788982A21}.Debug|Any CPU.Build.0 = Debug|Any CPU
		{BCE33D95-1E27-4509-A4FC-967788982A21}.Release|Any CPU.ActiveCfg = Release|Any CPU
		{BCE33D95-1E27-4509-A4FC-967788982A21}.Release|Any CPU.Build.0 = Release|Any CPU
	EndGlobalSection
	GlobalSection(SolutionProperties) = preSolution
		HideSolutionNode = FALSE
	EndGlobalSection
	GlobalSection(ExtensibilityGlobals) = postSolution
		SolutionGuid = {261870A0-3D16-4407-B861-56F287AFAB86}
	EndGlobalSection
EndGlobal
