
Microsoft Visual Studio Solution File, Format Version 12.00
# Visual Studio Version 17
VisualStudioVersion = 17.4.33122.133
MinimumVisualStudioVersion = 10.0.40219.1
Project("{FAE04EC0-301F-11D3-BF4B-00C04F79EFBC}") = "ForEach_C", "ForEach_C\ForEach_C.csproj", "{B1151830-61BD-43A4-BED2-8C382FAEEF0D}"
EndProject
Global
	GlobalSection(SolutionConfigurationPlatforms) = preSolution
		Debug|Any CPU = Debug|Any CPU
		Release|Any CPU = Release|Any CPU
	EndGlobalSection
	GlobalSection(ProjectConfigurationPlatforms) = postSolution
		{B1151830-61BD-43A4-BED2-8C382FAEEF0D}.Debug|Any CPU.ActiveCfg = Debug|Any CPU
		{B1151830-61BD-43A4-BED2-8C382FAEEF0D}.Debug|Any CPU.Build.0 = Debug|Any CPU
		{B1151830-61BD-43A4-BED2-8C382FAEEF0D}.Release|Any CPU.ActiveCfg = Release|Any CPU
		{B1151830-61BD-43A4-BED2-8C382FAEEF0D}.Release|Any CPU.Build.0 = Release|Any CPU
	EndGlobalSection
	GlobalSection(SolutionProperties) = preSolution
		HideSolutionNode = FALSE
	EndGlobalSection
	GlobalSection(ExtensibilityGlobals) = postSolution
		SolutionGuid = {962491DC-A1ED-4215-A943-4E37B873922A}
	EndGlobalSection
EndGlobal
