
Microsoft Visual Studio Solution File, Format Version 12.00
# Visual Studio Version 17
VisualStudioVersion = 17.4.33122.133
MinimumVisualStudioVersion = 10.0.40219.1
Project("{FAE04EC0-301F-11D3-BF4B-00C04F79EFBC}") = "Constant_C", "Constant_C\Constant_C.csproj", "{4081D322-837D-4D62-B29D-FB1F09F7BFC6}"
EndProject
Global
	GlobalSection(SolutionConfigurationPlatforms) = preSolution
		Debug|Any CPU = Debug|Any CPU
		Release|Any CPU = Release|Any CPU
	EndGlobalSection
	GlobalSection(ProjectConfigurationPlatforms) = postSolution
		{4081D322-837D-4D62-B29D-FB1F09F7BFC6}.Debug|Any CPU.ActiveCfg = Debug|Any CPU
		{4081D322-837D-4D62-B29D-FB1F09F7BFC6}.Debug|Any CPU.Build.0 = Debug|Any CPU
		{4081D322-837D-4D62-B29D-FB1F09F7BFC6}.Release|Any CPU.ActiveCfg = Release|Any CPU
		{4081D322-837D-4D62-B29D-FB1F09F7BFC6}.Release|Any CPU.Build.0 = Release|Any CPU
	EndGlobalSection
	GlobalSection(SolutionProperties) = preSolution
		HideSolutionNode = FALSE
	EndGlobalSection
	GlobalSection(ExtensibilityGlobals) = postSolution
		SolutionGuid = {E9A5CA1E-3EF2-41E9-BE70-8E10C0E24FFC}
	EndGlobalSection
EndGlobal
