
Microsoft Visual Studio Solution File, Format Version 12.00
# Visual Studio Version 17
VisualStudioVersion = 17.4.33122.133
MinimumVisualStudioVersion = 10.0.40219.1
Project("{FAE04EC0-301F-11D3-BF4B-00C04F79EFBC}") = "Day2_Example2", "Day2_Example2\Day2_Example2.csproj", "{C450D200-5F3B-4233-B3AD-E6DCC025D430}"
EndProject
Global
	GlobalSection(SolutionConfigurationPlatforms) = preSolution
		Debug|Any CPU = Debug|Any CPU
		Release|Any CPU = Release|Any CPU
	EndGlobalSection
	GlobalSection(ProjectConfigurationPlatforms) = postSolution
		{C450D200-5F3B-4233-B3AD-E6DCC025D430}.Debug|Any CPU.ActiveCfg = Debug|Any CPU
		{C450D200-5F3B-4233-B3AD-E6DCC025D430}.Debug|Any CPU.Build.0 = Debug|Any CPU
		{C450D200-5F3B-4233-B3AD-E6DCC025D430}.Release|Any CPU.ActiveCfg = Release|Any CPU
		{C450D200-5F3B-4233-B3AD-E6DCC025D430}.Release|Any CPU.Build.0 = Release|Any CPU
	EndGlobalSection
	GlobalSection(SolutionProperties) = preSolution
		HideSolutionNode = FALSE
	EndGlobalSection
	GlobalSection(ExtensibilityGlobals) = postSolution
		SolutionGuid = {C205A0C2-13C3-4E87-AE88-95437E701ABD}
	EndGlobalSection
EndGlobal
