
Microsoft Visual Studio Solution File, Format Version 12.00
# Visual Studio Version 17
VisualStudioVersion = 17.4.33122.133
MinimumVisualStudioVersion = 10.0.40219.1
Project("{FAE04EC0-301F-11D3-BF4B-00C04F79EFBC}") = "Example2", "Example2\Example2.csproj", "{5DCE5E4F-E5C5-4F62-8A60-2BF557D36DF4}"
EndProject
Global
	GlobalSection(SolutionConfigurationPlatforms) = preSolution
		Debug|Any CPU = Debug|Any CPU
		Release|Any CPU = Release|Any CPU
	EndGlobalSection
	GlobalSection(ProjectConfigurationPlatforms) = postSolution
		{5DCE5E4F-E5C5-4F62-8A60-2BF557D36DF4}.Debug|Any CPU.ActiveCfg = Debug|Any CPU
		{5DCE5E4F-E5C5-4F62-8A60-2BF557D36DF4}.Debug|Any CPU.Build.0 = Debug|Any CPU
		{5DCE5E4F-E5C5-4F62-8A60-2BF557D36DF4}.Release|Any CPU.ActiveCfg = Release|Any CPU
		{5DCE5E4F-E5C5-4F62-8A60-2BF557D36DF4}.Release|Any CPU.Build.0 = Release|Any CPU
	EndGlobalSection
	GlobalSection(SolutionProperties) = preSolution
		HideSolutionNode = FALSE
	EndGlobalSection
	GlobalSection(ExtensibilityGlobals) = postSolution
		SolutionGuid = {959FE8B0-3773-48C0-8152-BD4AB2D81D4A}
	EndGlobalSection
EndGlobal
