
Microsoft Visual Studio Solution File, Format Version 12.00
# Visual Studio Version 17
VisualStudioVersion = 17.4.33122.133
MinimumVisualStudioVersion = 10.0.40219.1
Project("{FAE04EC0-301F-11D3-BF4B-00C04F79EFBC}") = "Example2_C", "Example2_C\Example2_C.csproj", "{E01750A1-C73D-44BF-85FF-2F0612EE03CD}"
EndProject
Global
	GlobalSection(SolutionConfigurationPlatforms) = preSolution
		Debug|Any CPU = Debug|Any CPU
		Release|Any CPU = Release|Any CPU
	EndGlobalSection
	GlobalSection(ProjectConfigurationPlatforms) = postSolution
		{E01750A1-C73D-44BF-85FF-2F0612EE03CD}.Debug|Any CPU.ActiveCfg = Debug|Any CPU
		{E01750A1-C73D-44BF-85FF-2F0612EE03CD}.Debug|Any CPU.Build.0 = Debug|Any CPU
		{E01750A1-C73D-44BF-85FF-2F0612EE03CD}.Release|Any CPU.ActiveCfg = Release|Any CPU
		{E01750A1-C73D-44BF-85FF-2F0612EE03CD}.Release|Any CPU.Build.0 = Release|Any CPU
	EndGlobalSection
	GlobalSection(SolutionProperties) = preSolution
		HideSolutionNode = FALSE
	EndGlobalSection
	GlobalSection(ExtensibilityGlobals) = postSolution
		SolutionGuid = {F80794FC-9A0A-4D53-9B67-504BB7BE7B15}
	EndGlobalSection
EndGlobal
