
Microsoft Visual Studio Solution File, Format Version 12.00
# Visual Studio Version 17
VisualStudioVersion = 17.4.33122.133
MinimumVisualStudioVersion = 10.0.40219.1
Project("{FAE04EC0-301F-11D3-BF4B-00C04F79EFBC}") = "Example3", "Example3\Example3.csproj", "{29C9B7C6-8E59-4AFC-9CB7-50396BE4E19E}"
EndProject
Global
	GlobalSection(SolutionConfigurationPlatforms) = preSolution
		Debug|Any CPU = Debug|Any CPU
		Release|Any CPU = Release|Any CPU
	EndGlobalSection
	GlobalSection(ProjectConfigurationPlatforms) = postSolution
		{29C9B7C6-8E59-4AFC-9CB7-50396BE4E19E}.Debug|Any CPU.ActiveCfg = Debug|Any CPU
		{29C9B7C6-8E59-4AFC-9CB7-50396BE4E19E}.Debug|Any CPU.Build.0 = Debug|Any CPU
		{29C9B7C6-8E59-4AFC-9CB7-50396BE4E19E}.Release|Any CPU.ActiveCfg = Release|Any CPU
		{29C9B7C6-8E59-4AFC-9CB7-50396BE4E19E}.Release|Any CPU.Build.0 = Release|Any CPU
	EndGlobalSection
	GlobalSection(SolutionProperties) = preSolution
		HideSolutionNode = FALSE
	EndGlobalSection
	GlobalSection(ExtensibilityGlobals) = postSolution
		SolutionGuid = {730F56B0-9400-4426-85A5-C8472C34A680}
	EndGlobalSection
EndGlobal
