
Microsoft Visual Studio Solution File, Format Version 12.00
# Visual Studio Version 17
VisualStudioVersion = 17.4.33122.133
MinimumVisualStudioVersion = 10.0.40219.1
Project("{FAE04EC0-301F-11D3-BF4B-00C04F79EFBC}") = "Object-orientation_C", "Object-orientation_C\Object-orientation_C.csproj", "{47888A7E-D203-4AEA-975B-8BF7458D0984}"
EndProject
Global
	GlobalSection(SolutionConfigurationPlatforms) = preSolution
		Debug|Any CPU = Debug|Any CPU
		Release|Any CPU = Release|Any CPU
	EndGlobalSection
	GlobalSection(ProjectConfigurationPlatforms) = postSolution
		{47888A7E-D203-4AEA-975B-8BF7458D0984}.Debug|Any CPU.ActiveCfg = Debug|Any CPU
		{47888A7E-D203-4AEA-975B-8BF7458D0984}.Debug|Any CPU.Build.0 = Debug|Any CPU
		{47888A7E-D203-4AEA-975B-8BF7458D0984}.Release|Any CPU.ActiveCfg = Release|Any CPU
		{47888A7E-D203-4AEA-975B-8BF7458D0984}.Release|Any CPU.Build.0 = Release|Any CPU
	EndGlobalSection
	GlobalSection(SolutionProperties) = preSolution
		HideSolutionNode = FALSE
	EndGlobalSection
	GlobalSection(ExtensibilityGlobals) = postSolution
		SolutionGuid = {04AC1E82-EF8F-410E-BA0C-0452C0514816}
	EndGlobalSection
EndGlobal
