
Microsoft Visual Studio Solution File, Format Version 12.00
# Visual Studio Version 17
VisualStudioVersion = 17.4.33122.133
MinimumVisualStudioVersion = 10.0.40219.1
Project("{FAE04EC0-301F-11D3-BF4B-00C04F79EFBC}") = "Calculation_C", "Calculation_C\Calculation_C.csproj", "{789AFBE4-4BCA-48CE-99A1-955B315A2FEE}"
EndProject
Global
	GlobalSection(SolutionConfigurationPlatforms) = preSolution
		Debug|Any CPU = Debug|Any CPU
		Release|Any CPU = Release|Any CPU
	EndGlobalSection
	GlobalSection(ProjectConfigurationPlatforms) = postSolution
		{789AFBE4-4BCA-48CE-99A1-955B315A2FEE}.Debug|Any CPU.ActiveCfg = Debug|Any CPU
		{789AFBE4-4BCA-48CE-99A1-955B315A2FEE}.Debug|Any CPU.Build.0 = Debug|Any CPU
		{789AFBE4-4BCA-48CE-99A1-955B315A2FEE}.Release|Any CPU.ActiveCfg = Release|Any CPU
		{789AFBE4-4BCA-48CE-99A1-955B315A2FEE}.Release|Any CPU.Build.0 = Release|Any CPU
	EndGlobalSection
	GlobalSection(SolutionProperties) = preSolution
		HideSolutionNode = FALSE
	EndGlobalSection
	GlobalSection(ExtensibilityGlobals) = postSolution
		SolutionGuid = {2ACAE2A3-C2DB-4AC2-AA32-4C0003F59089}
	EndGlobalSection
EndGlobal
