
Microsoft Visual Studio Solution File, Format Version 12.00
# Visual Studio Version 17
VisualStudioVersion = 17.4.33205.214
MinimumVisualStudioVersion = 10.0.40219.1
Project("{FAE04EC0-301F-11D3-BF4B-00C04F79EFBC}") = "ExampleEX1", "ExampleEX1\ExampleEX1.csproj", "{E5B740EB-6380-4F60-9E64-9476F69BDA3F}"
EndProject
Global
	GlobalSection(SolutionConfigurationPlatforms) = preSolution
		Debug|Any CPU = Debug|Any CPU
		Release|Any CPU = Release|Any CPU
	EndGlobalSection
	GlobalSection(ProjectConfigurationPlatforms) = postSolution
		{E5B740EB-6380-4F60-9E64-9476F69BDA3F}.Debug|Any CPU.ActiveCfg = Debug|Any CPU
		{E5B740EB-6380-4F60-9E64-9476F69BDA3F}.Debug|Any CPU.Build.0 = Debug|Any CPU
		{E5B740EB-6380-4F60-9E64-9476F69BDA3F}.Release|Any CPU.ActiveCfg = Release|Any CPU
		{E5B740EB-6380-4F60-9E64-9476F69BDA3F}.Release|Any CPU.Build.0 = Release|Any CPU
	EndGlobalSection
	GlobalSection(SolutionProperties) = preSolution
		HideSolutionNode = FALSE
	EndGlobalSection
	GlobalSection(ExtensibilityGlobals) = postSolution
		SolutionGuid = {4BFD4EF3-E37A-48D2-9A15-5FC8B2CC3745}
	EndGlobalSection
EndGlobal
